
Microsoft Visual Studio Solution File, Format Version 12.00
# Visual Studio Version 16
VisualStudioVersion = 16.0.31729.503
MinimumVisualStudioVersion = 10.0.40219.1
Project("{FAE04EC0-301F-11D3-BF4B-00C04F79EFBC}") = "Lab8WpfApp", "Lab7WpfApp\Lab8WpfApp.csproj", "{B3D6A324-B796-454D-BE5C-90A129BF7A9E}"
EndProject
Global
	GlobalSection(SolutionConfigurationPlatforms) = preSolution
		Debug|Any CPU = Debug|Any CPU
		Release|Any CPU = Release|Any CPU
	EndGlobalSection
	GlobalSection(ProjectConfigurationPlatforms) = postSolution
		{B3D6A324-B796-454D-BE5C-90A129BF7A9E}.Debug|Any CPU.ActiveCfg = Debug|Any CPU
		{B3D6A324-B796-454D-BE5C-90A129BF7A9E}.Debug|Any CPU.Build.0 = Debug|Any CPU
		{B3D6A324-B796-454D-BE5C-90A129BF7A9E}.Release|Any CPU.ActiveCfg = Release|Any CPU
		{B3D6A324-B796-454D-BE5C-90A129BF7A9E}.Release|Any CPU.Build.0 = Release|Any CPU
	EndGlobalSection
	GlobalSection(SolutionProperties) = preSolution
		HideSolutionNode = FALSE
	EndGlobalSection
	GlobalSection(ExtensibilityGlobals) = postSolution
		SolutionGuid = {0FAFAF78-41A5-407F-9D12-04DD47B9BC6C}
	EndGlobalSection
EndGlobal
